
Microsoft Visual Studio Solution File, Format Version 12.00
# Visual Studio 15
VisualStudioVersion = 15.0.26730.16
MinimumVisualStudioVersion = 10.0.40219.1
Project("{FAE04EC0-301F-11D3-BF4B-00C04F79EFBC}") = "XamContacts.Android", "XamContacts\XamContacts.Android\XamContacts.Android.csproj", "{6A41597D-5817-43DB-8342-E1AC3CEB78D8}"
EndProject
Project("{FAE04EC0-301F-11D3-BF4B-00C04F79EFBC}") = "XamContacts", "XamContacts\XamContacts\XamContacts.csproj", "{6DEF956C-24B2-4E84-87E4-7DE698A89B68}"
EndProject
Project("{FAE04EC0-301F-11D3-BF4B-00C04F79EFBC}") = "XamContacts.UWP", "XamContacts\XamContacts.UWP\XamContacts.UWP.csproj", "{69E1098C-A51E-452E-8DD5-F987780EE94C}"
EndProject
Project("{FAE04EC0-301F-11D3-BF4B-00C04F79EFBC}") = "XamContacts.iOS", "XamContacts\XamContacts.iOS\XamContacts.iOS.csproj", "{8D9E252D-3D5B-4BD6-972D-0A6DDB9949CE}"
EndProject
Global
	GlobalSection(SolutionConfigurationPlatforms) = preSolution
		Ad-Hoc|Any CPU = Ad-Hoc|Any CPU
		Ad-Hoc|ARM = Ad-Hoc|ARM
		Ad-Hoc|iPhone = Ad-Hoc|iPhone
		Ad-Hoc|iPhoneSimulator = Ad-Hoc|iPhoneSimulator
		Ad-Hoc|x64 = Ad-Hoc|x64
		Ad-Hoc|x86 = Ad-Hoc|x86
		AppStore|Any CPU = AppStore|Any CPU
		AppStore|ARM = AppStore|ARM
		AppStore|iPhone = AppStore|iPhone
		AppStore|iPhoneSimulator = AppStore|iPhoneSimulator
		AppStore|x64 = AppStore|x64
		AppStore|x86 = AppStore|x86
		Debug|Any CPU = Debug|Any CPU
		Debug|ARM = Debug|ARM
		Debug|iPhone = Debug|iPhone
		Debug|iPhoneSimulator = Debug|iPhoneSimulator
		Debug|x64 = Debug|x64
		Debug|x86 = Debug|x86
		Release|Any CPU = Release|Any CPU
		Release|ARM = Release|ARM
		Release|iPhone = Release|iPhone
		Release|iPhoneSimulator = Release|iPhoneSimulator
		Release|x64 = Release|x64
		Release|x86 = Release|x86
	EndGlobalSection
	GlobalSection(ProjectConfigurationPlatforms) = postSolution
		{6A41597D-5817-43DB-8342-E1AC3CEB78D8}.Ad-Hoc|Any CPU.ActiveCfg = Release|Any CPU
		{6A41597D-5817-43DB-8342-E1AC3CEB78D8}.Ad-Hoc|Any CPU.Build.0 = Release|Any CPU
		{6A41597D-5817-43DB-8342-E1AC3CEB78D8}.Ad-Hoc|Any CPU.Deploy.0 = Release|Any CPU
		{6A41597D-5817-43DB-8342-E1AC3CEB78D8}.Ad-Hoc|ARM.ActiveCfg = Release|Any CPU
		{6A41597D-5817-43DB-8342-E1AC3CEB78D8}.Ad-Hoc|ARM.Build.0 = Release|Any CPU
		{6A41597D-5817-43DB-8342-E1AC3CEB78D8}.Ad-Hoc|ARM.Deploy.0 = Release|Any CPU
		{6A41597D-5817-43DB-8342-E1AC3CEB78D8}.Ad-Hoc|iPhone.ActiveCfg = Release|Any CPU
		{6A41597D-5817-43DB-8342-E1AC3CEB78D8}.Ad-Hoc|iPhone.Build.0 = Release|Any CPU
		{6A41597D-5817-43DB-8342-E1AC3CEB78D8}.Ad-Hoc|iPhone.Deploy.0 = Release|Any CPU
		{6A41597D-5817-43DB-8342-E1AC3CEB78D8}.Ad-Hoc|iPhoneSimulator.ActiveCfg = Release|Any CPU
		{6A41597D-5817-43DB-8342-E1AC3CEB78D8}.Ad-Hoc|iPhoneSimulator.Build.0 = Release|Any CPU
		{6A41597D-5817-43DB-8342-E1AC3CEB78D8}.Ad-Hoc|iPhoneSimulator.Deploy.0 = Release|Any CPU
		{6A41597D-5817-43DB-8342-E1AC3CEB78D8}.Ad-Hoc|x64.ActiveCfg = Release|Any CPU
		{6A41597D-5817-43DB-8342-E1AC3CEB78D8}.Ad-Hoc|x64.Build.0 = Release|Any CPU
		{6A41597D-5817-43DB-8342-E1AC3CEB78D8}.Ad-Hoc|x64.Deploy.0 = Release|Any CPU
		{6A41597D-5817-43DB-8342-E1AC3CEB78D8}.Ad-Hoc|x86.ActiveCfg = Release|Any CPU
		{6A41597D-5817-43DB-8342-E1AC3CEB78D8}.Ad-Hoc|x86.Build.0 = Release|Any CPU
		{6A41597D-5817-43DB-8342-E1AC3CEB78D8}.Ad-Hoc|x86.Deploy.0 = Release|Any CPU
		{6A41597D-5817-43DB-8342-E1AC3CEB78D8}.AppStore|Any CPU.ActiveCfg = Release|Any CPU
		{6A41597D-5817-43DB-8342-E1AC3CEB78D8}.AppStore|Any CPU.Build.0 = Release|Any CPU
		{6A41597D-5817-43DB-8342-E1AC3CEB78D8}.AppStore|Any CPU.Deploy.0 = Release|Any CPU
		{6A41597D-5817-43DB-8342-E1AC3CEB78D8}.AppStore|ARM.ActiveCfg = Release|Any CPU
		{6A41597D-5817-43DB-8342-E1AC3CEB78D8}.AppStore|ARM.Build.0 = Release|Any CPU
		{6A41597D-5817-43DB-8342-E1AC3CEB78D8}.AppStore|ARM.Deploy.0 = Release|Any CPU
		{6A41597D-5817-43DB-8342-E1AC3CEB78D8}.AppStore|iPhone.ActiveCfg = Release|Any CPU
		{6A41597D-5817-43DB-8342-E1AC3CEB78D8}.AppStore|iPhone.Build.0 = Release|Any CPU
		{6A41597D-5817-43DB-8342-E1AC3CEB78D8}.AppStore|iPhone.Deploy.0 = Release|Any CPU
		{6A41597D-5817-43DB-8342-E1AC3CEB78D8}.AppStore|iPhoneSimulator.ActiveCfg = Release|Any CPU
		{6A41597D-5817-43DB-8342-E1AC3CEB78D8}.AppStore|iPhoneSimulator.Build.0 = Release|Any CPU
		{6A41597D-5817-43DB-8342-E1AC3CEB78D8}.AppStore|iPhoneSimulator.Deploy.0 = Release|Any CPU
		{6A41597D-5817-43DB-8342-E1AC3CEB78D8}.AppStore|x64.ActiveCfg = Release|Any CPU
		{6A41597D-5817-43DB-8342-E1AC3CEB78D8}.AppStore|x64.Build.0 = Release|Any CPU
		{6A41597D-5817-43DB-8342-E1AC3CEB78D8}.AppStore|x64.Deploy.0 = Release|Any CPU
		{6A41597D-5817-43DB-8342-E1AC3CEB78D8}.AppStore|x86.ActiveCfg = Release|Any CPU
		{6A41597D-5817-43DB-8342-E1AC3CEB78D8}.AppStore|x86.Build.0 = Release|Any CPU
		{6A41597D-5817-43DB-8342-E1AC3CEB78D8}.AppStore|x86.Deploy.0 = Release|Any CPU
		{6A41597D-5817-43DB-8342-E1AC3CEB78D8}.Debug|Any CPU.ActiveCfg = Debug|Any CPU
		{6A41597D-5817-43DB-8342-E1AC3CEB78D8}.Debug|Any CPU.Build.0 = Debug|Any CPU
		{6A41597D-5817-43DB-8342-E1AC3CEB78D8}.Debug|Any CPU.Deploy.0 = Debug|Any CPU
		{6A41597D-5817-43DB-8342-E1AC3CEB78D8}.Debug|ARM.ActiveCfg = Debug|Any CPU
		{6A41597D-5817-43DB-8342-E1AC3CEB78D8}.Debug|ARM.Build.0 = Debug|Any CPU
		{6A41597D-5817-43DB-8342-E1AC3CEB78D8}.Debug|ARM.Deploy.0 = Debug|Any CPU
		{6A41597D-5817-43DB-8342-E1AC3CEB78D8}.Debug|iPhone.ActiveCfg = Debug|Any CPU
		{6A41597D-5817-43DB-8342-E1AC3CEB78D8}.Debug|iPhone.Build.0 = Debug|Any CPU
		{6A41597D-5817-43DB-8342-E1AC3CEB78D8}.Debug|iPhone.Deploy.0 = Debug|Any CPU
		{6A41597D-5817-43DB-8342-E1AC3CEB78D8}.Debug|iPhoneSimulator.ActiveCfg = Debug|Any CPU
		{6A41597D-5817-43DB-8342-E1AC3CEB78D8}.Debug|iPhoneSimulator.Build.0 = Debug|Any CPU
		{6A41597D-5817-43DB-8342-E1AC3CEB78D8}.Debug|iPhoneSimulator.Deploy.0 = Debug|Any CPU
		{6A41597D-5817-43DB-8342-E1AC3CEB78D8}.Debug|x64.ActiveCfg = Debug|Any CPU
		{6A41597D-5817-43DB-8342-E1AC3CEB78D8}.Debug|x64.Build.0 = Debug|Any CPU
		{6A41597D-5817-43DB-8342-E1AC3CEB78D8}.Debug|x64.Deploy.0 = Debug|Any CPU
		{6A41597D-5817-43DB-8342-E1AC3CEB78D8}.Debug|x86.ActiveCfg = Debug|Any CPU
		{6A41597D-5817-43DB-8342-E1AC3CEB78D8}.Debug|x86.Build.0 = Debug|Any CPU
		{6A41597D-5817-43DB-8342-E1AC3CEB78D8}.Debug|x86.Deploy.0 = Debug|Any CPU
		{6A41597D-5817-43DB-8342-E1AC3CEB78D8}.Release|Any CPU.ActiveCfg = Release|Any CPU
		{6A41597D-5817-43DB-8342-E1AC3CEB78D8}.Release|Any CPU.Build.0 = Release|Any CPU
		{6A41597D-5817-43DB-8342-E1AC3CEB78D8}.Release|Any CPU.Deploy.0 = Release|Any CPU
		{6A41597D-5817-43DB-8342-E1AC3CEB78D8}.Release|ARM.ActiveCfg = Release|Any CPU
		{6A41597D-5817-43DB-8342-E1AC3CEB78D8}.Release|ARM.Build.0 = Release|Any CPU
		{6A41597D-5817-43DB-8342-E1AC3CEB78D8}.Release|ARM.Deploy.0 = Release|Any CPU
		{6A41597D-5817-43DB-8342-E1AC3CEB78D8}.Release|iPhone.ActiveCfg = Release|Any CPU
		{6A41597D-5817-43DB-8342-E1AC3CEB78D8}.Release|iPhone.Build.0 = Release|Any CPU
		{6A41597D-5817-43DB-8342-E1AC3CEB78D8}.Release|iPhone.Deploy.0 = Release|Any CPU
		{6A41597D-5817-43DB-8342-E1AC3CEB78D8}.Release|iPhoneSimulator.ActiveCfg = Release|Any CPU
		{6A41597D-5817-43DB-8342-E1AC3CEB78D8}.Release|iPhoneSimulator.Build.0 = Release|Any CPU
		{6A41597D-5817-43DB-8342-E1AC3CEB78D8}.Release|iPhoneSimulator.Deploy.0 = Release|Any CPU
		{6A41597D-5817-43DB-8342-E1AC3CEB78D8}.Release|x64.ActiveCfg = Release|Any CPU
		{6A41597D-5817-43DB-8342-E1AC3CEB78D8}.Release|x64.Build.0 = Release|Any CPU
		{6A41597D-5817-43DB-8342-E1AC3CEB78D8}.Release|x64.Deploy.0 = Release|Any CPU
		{6A41597D-5817-43DB-8342-E1AC3CEB78D8}.Release|x86.ActiveCfg = Release|Any CPU
		{6A41597D-5817-43DB-8342-E1AC3CEB78D8}.Release|x86.Build.0 = Release|Any CPU
		{6A41597D-5817-43DB-8342-E1AC3CEB78D8}.Release|x86.Deploy.0 = Release|Any CPU
		{6DEF956C-24B2-4E84-87E4-7DE698A89B68}.Ad-Hoc|Any CPU.ActiveCfg = Release|Any CPU
		{6DEF956C-24B2-4E84-87E4-7DE698A89B68}.Ad-Hoc|Any CPU.Build.0 = Release|Any CPU
		{6DEF956C-24B2-4E84-87E4-7DE698A89B68}.Ad-Hoc|ARM.ActiveCfg = Release|Any CPU
		{6DEF956C-24B2-4E84-87E4-7DE698A89B68}.Ad-Hoc|ARM.Build.0 = Release|Any CPU
		{6DEF956C-24B2-4E84-87E4-7DE698A89B68}.Ad-Hoc|iPhone.ActiveCfg = Release|Any CPU
		{6DEF956C-24B2-4E84-87E4-7DE698A89B68}.Ad-Hoc|iPhone.Build.0 = Release|Any CPU
		{6DEF956C-24B2-4E84-87E4-7DE698A89B68}.Ad-Hoc|iPhoneSimulator.ActiveCfg = Release|Any CPU
		{6DEF956C-24B2-4E84-87E4-7DE698A89B68}.Ad-Hoc|iPhoneSimulator.Build.0 = Release|Any CPU
		{6DEF956C-24B2-4E84-87E4-7DE698A89B68}.Ad-Hoc|x64.ActiveCfg = Release|Any CPU
		{6DEF956C-24B2-4E84-87E4-7DE698A89B68}.Ad-Hoc|x64.Build.0 = Release|Any CPU
		{6DEF956C-24B2-4E84-87E4-7DE698A89B68}.Ad-Hoc|x86.ActiveCfg = Release|Any CPU
		{6DEF956C-24B2-4E84-87E4-7DE698A89B68}.Ad-Hoc|x86.Build.0 = Release|Any CPU
		{6DEF956C-24B2-4E84-87E4-7DE698A89B68}.AppStore|Any CPU.ActiveCfg = Release|Any CPU
		{6DEF956C-24B2-4E84-87E4-7DE698A89B68}.AppStore|Any CPU.Build.0 = Release|Any CPU
		{6DEF956C-24B2-4E84-87E4-7DE698A89B68}.AppStore|ARM.ActiveCfg = Release|Any CPU
		{6DEF956C-24B2-4E84-87E4-7DE698A89B68}.AppStore|ARM.Build.0 = Release|Any CPU
		{6DEF956C-24B2-4E84-87E4-7DE698A89B68}.AppStore|iPhone.ActiveCfg = Release|Any CPU
		{6DEF956C-24B2-4E84-87E4-7DE698A89B68}.AppStore|iPhone.Build.0 = Release|Any CPU
		{6DEF956C-24B2-4E84-87E4-7DE698A89B68}.AppStore|iPhoneSimulator.ActiveCfg = Release|Any CPU
		{6DEF956C-24B2-4E84-87E4-7DE698A89B68}.AppStore|iPhoneSimulator.Build.0 = Release|Any CPU
		{6DEF956C-24B2-4E84-87E4-7DE698A89B68}.AppStore|x64.ActiveCfg = Release|Any CPU
		{6DEF956C-24B2-4E84-87E4-7DE698A89B68}.AppStore|x64.Build.0 = Release|Any CPU
		{6DEF956C-24B2-4E84-87E4-7DE698A89B68}.AppStore|x86.ActiveCfg = Release|Any CPU
		{6DEF956C-24B2-4E84-87E4-7DE698A89B68}.AppStore|x86.Build.0 = Release|Any CPU
		{6DEF956C-24B2-4E84-87E4-7DE698A89B68}.Debug|Any CPU.ActiveCfg = Debug|Any CPU
		{6DEF956C-24B2-4E84-87E4-7DE698A89B68}.Debug|Any CPU.Build.0 = Debug|Any CPU
		{6DEF956C-24B2-4E84-87E4-7DE698A89B68}.Debug|ARM.ActiveCfg = Debug|Any CPU
		{6DEF956C-24B2-4E84-87E4-7DE698A89B68}.Debug|ARM.Build.0 = Debug|Any CPU
		{6DEF956C-24B2-4E84-87E4-7DE698A89B68}.Debug|iPhone.ActiveCfg = Debug|Any CPU
		{6DEF956C-24B2-4E84-87E4-7DE698A89B68}.Debug|iPhone.Build.0 = Debug|Any CPU
		{6DEF956C-24B2-4E84-87E4-7DE698A89B68}.Debug|iPhoneSimulator.ActiveCfg = Debug|Any CPU
		{6DEF956C-24B2-4E84-87E4-7DE698A89B68}.Debug|iPhoneSimulator.Build.0 = Debug|Any CPU
		{6DEF956C-24B2-4E84-87E4-7DE698A89B68}.Debug|x64.ActiveCfg = Debug|Any CPU
		{6DEF956C-24B2-4E84-87E4-7DE698A89B68}.Debug|x64.Build.0 = Debug|Any CPU
		{6DEF956C-24B2-4E84-87E4-7DE698A89B68}.Debug|x86.ActiveCfg = Debug|Any CPU
		{6DEF956C-24B2-4E84-87E4-7DE698A89B68}.Debug|x86.Build.0 = Debug|Any CPU
		{6DEF956C-24B2-4E84-87E4-7DE698A89B68}.Release|Any CPU.ActiveCfg = Release|Any CPU
		{6DEF956C-24B2-4E84-87E4-7DE698A89B68}.Release|Any CPU.Build.0 = Release|Any CPU
		{6DEF956C-24B2-4E84-87E4-7DE698A89B68}.Release|ARM.ActiveCfg = Release|Any CPU
		{6DEF956C-24B2-4E84-87E4-7DE698A89B68}.Release|ARM.Build.0 = Release|Any CPU
		{6DEF956C-24B2-4E84-87E4-7DE698A89B68}.Release|iPhone.ActiveCfg = Release|Any CPU
		{6DEF956C-24B2-4E84-87E4-7DE698A89B68}.Release|iPhone.Build.0 = Release|Any CPU
		{6DEF956C-24B2-4E84-87E4-7DE698A89B68}.Release|iPhoneSimulator.ActiveCfg = Release|Any CPU
		{6DEF956C-24B2-4E84-87E4-7DE698A89B68}.Release|iPhoneSimulator.Build.0 = Release|Any CPU
		{6DEF956C-24B2-4E84-87E4-7DE698A89B68}.Release|x64.ActiveCfg = Release|Any CPU
		{6DEF956C-24B2-4E84-87E4-7DE698A89B68}.Release|x64.Build.0 = Release|Any CPU
		{6DEF956C-24B2-4E84-87E4-7DE698A89B68}.Release|x86.ActiveCfg = Release|Any CPU
		{6DEF956C-24B2-4E84-87E4-7DE698A89B68}.Release|x86.Build.0 = Release|Any CPU
		{69E1098C-A51E-452E-8DD5-F987780EE94C}.Ad-Hoc|Any CPU.ActiveCfg = Release|x86
		{69E1098C-A51E-452E-8DD5-F987780EE94C}.Ad-Hoc|Any CPU.Build.0 = Release|x86
		{69E1098C-A51E-452E-8DD5-F987780EE94C}.Ad-Hoc|Any CPU.Deploy.0 = Release|x86
		{69E1098C-A51E-452E-8DD5-F987780EE94C}.Ad-Hoc|ARM.ActiveCfg = Release|ARM
		{69E1098C-A51E-452E-8DD5-F987780EE94C}.Ad-Hoc|ARM.Build.0 = Release|ARM
		{69E1098C-A51E-452E-8DD5-F987780EE94C}.Ad-Hoc|ARM.Deploy.0 = Release|ARM
		{69E1098C-A51E-452E-8DD5-F987780EE94C}.Ad-Hoc|iPhone.ActiveCfg = Release|x86
		{69E1098C-A51E-452E-8DD5-F987780EE94C}.Ad-Hoc|iPhone.Build.0 = Release|x86
		{69E1098C-A51E-452E-8DD5-F987780EE94C}.Ad-Hoc|iPhone.Deploy.0 = Release|x86
		{69E1098C-A51E-452E-8DD5-F987780EE94C}.Ad-Hoc|iPhoneSimulator.ActiveCfg = Release|x86
		{69E1098C-A51E-452E-8DD5-F987780EE94C}.Ad-Hoc|iPhoneSimulator.Build.0 = Release|x86
		{69E1098C-A51E-452E-8DD5-F987780EE94C}.Ad-Hoc|iPhoneSimulator.Deploy.0 = Release|x86
		{69E1098C-A51E-452E-8DD5-F987780EE94C}.Ad-Hoc|x64.ActiveCfg = Release|x64
		{69E1098C-A51E-452E-8DD5-F987780EE94C}.Ad-Hoc|x64.Build.0 = Release|x64
		{69E1098C-A51E-452E-8DD5-F987780EE94C}.Ad-Hoc|x64.Deploy.0 = Release|x64
		{69E1098C-A51E-452E-8DD5-F987780EE94C}.Ad-Hoc|x86.ActiveCfg = Release|x86
		{69E1098C-A51E-452E-8DD5-F987780EE94C}.Ad-Hoc|x86.Build.0 = Release|x86
		{69E1098C-A51E-452E-8DD5-F987780EE94C}.Ad-Hoc|x86.Deploy.0 = Release|x86
		{69E1098C-A51E-452E-8DD5-F987780EE94C}.AppStore|Any CPU.ActiveCfg = Release|x86
		{69E1098C-A51E-452E-8DD5-F987780EE94C}.AppStore|Any CPU.Build.0 = Release|x86
		{69E1098C-A51E-452E-8DD5-F987780EE94C}.AppStore|Any CPU.Deploy.0 = Release|x86
		{69E1098C-A51E-452E-8DD5-F987780EE94C}.AppStore|ARM.ActiveCfg = Release|ARM
		{69E1098C-A51E-452E-8DD5-F987780EE94C}.AppStore|ARM.Build.0 = Release|ARM
		{69E1098C-A51E-452E-8DD5-F987780EE94C}.AppStore|ARM.Deploy.0 = Release|ARM
		{69E1098C-A51E-452E-8DD5-F987780EE94C}.AppStore|iPhone.ActiveCfg = Release|x86
		{69E1098C-A51E-452E-8DD5-F987780EE94C}.AppStore|iPhone.Build.0 = Release|x86
		{69E1098C-A51E-452E-8DD5-F987780EE94C}.AppStore|iPhone.Deploy.0 = Release|x86
		{69E1098C-A51E-452E-8DD5-F987780EE94C}.AppStore|iPhoneSimulator.ActiveCfg = Release|x86
		{69E1098C-A51E-452E-8DD5-F987780EE94C}.AppStore|iPhoneSimulator.Build.0 = Release|x86
		{69E1098C-A51E-452E-8DD5-F987780EE94C}.AppStore|iPhoneSimulator.Deploy.0 = Release|x86
		{69E1098C-A51E-452E-8DD5-F987780EE94C}.AppStore|x64.ActiveCfg = Release|x64
		{69E1098C-A51E-452E-8DD5-F987780EE94C}.AppStore|x64.Build.0 = Release|x64
		{69E1098C-A51E-452E-8DD5-F987780EE94C}.AppStore|x64.Deploy.0 = Release|x64
		{69E1098C-A51E-452E-8DD5-F987780EE94C}.AppStore|x86.ActiveCfg = Release|x86
		{69E1098C-A51E-452E-8DD5-F987780EE94C}.AppStore|x86.Build.0 = Release|x86
		{69E1098C-A51E-452E-8DD5-F987780EE94C}.AppStore|x86.Deploy.0 = Release|x86
		{69E1098C-A51E-452E-8DD5-F987780EE94C}.Debug|Any CPU.ActiveCfg = Debug|x86
		{69E1098C-A51E-452E-8DD5-F987780EE94C}.Debug|ARM.ActiveCfg = Debug|ARM
		{69E1098C-A51E-452E-8DD5-F987780EE94C}.Debug|ARM.Build.0 = Debug|ARM
		{69E1098C-A51E-452E-8DD5-F987780EE94C}.Debug|ARM.Deploy.0 = Debug|ARM
		{69E1098C-A51E-452E-8DD5-F987780EE94C}.Debug|iPhone.ActiveCfg = Debug|x86
		{69E1098C-A51E-452E-8DD5-F987780EE94C}.Debug|iPhoneSimulator.ActiveCfg = Debug|x86
		{69E1098C-A51E-452E-8DD5-F987780EE94C}.Debug|x64.ActiveCfg = Debug|x64
		{69E1098C-A51E-452E-8DD5-F987780EE94C}.Debug|x64.Build.0 = Debug|x64
		{69E1098C-A51E-452E-8DD5-F987780EE94C}.Debug|x64.Deploy.0 = Debug|x64
		{69E1098C-A51E-452E-8DD5-F987780EE94C}.Debug|x86.ActiveCfg = Debug|x86
		{69E1098C-A51E-452E-8DD5-F987780EE94C}.Debug|x86.Build.0 = Debug|x86
		{69E1098C-A51E-452E-8DD5-F987780EE94C}.Debug|x86.Deploy.0 = Debug|x86
		{69E1098C-A51E-452E-8DD5-F987780EE94C}.Release|Any CPU.ActiveCfg = Release|x86
		{69E1098C-A51E-452E-8DD5-F987780EE94C}.Release|ARM.ActiveCfg = Release|ARM
		{69E1098C-A51E-452E-8DD5-F987780EE94C}.Release|ARM.Build.0 = Release|ARM
		{69E1098C-A51E-452E-8DD5-F987780EE94C}.Release|ARM.Deploy.0 = Release|ARM
		{69E1098C-A51E-452E-8DD5-F987780EE94C}.Release|iPhone.ActiveCfg = Release|x86
		{69E1098C-A51E-452E-8DD5-F987780EE94C}.Release|iPhoneSimulator.ActiveCfg = Release|x86
		{69E1098C-A51E-452E-8DD5-F987780EE94C}.Release|x64.ActiveCfg = Release|x64
		{69E1098C-A51E-452E-8DD5-F987780EE94C}.Release|x64.Build.0 = Release|x64
		{69E1098C-A51E-452E-8DD5-F987780EE94C}.Release|x64.Deploy.0 = Release|x64
		{69E1098C-A51E-452E-8DD5-F987780EE94C}.Release|x86.ActiveCfg = Release|x86
		{69E1098C-A51E-452E-8DD5-F987780EE94C}.Release|x86.Build.0 = Release|x86
		{69E1098C-A51E-452E-8DD5-F987780EE94C}.Release|x86.Deploy.0 = Release|x86
		{8D9E252D-3D5B-4BD6-972D-0A6DDB9949CE}.Ad-Hoc|Any CPU.ActiveCfg = Ad-Hoc|iPhone
		{8D9E252D-3D5B-4BD6-972D-0A6DDB9949CE}.Ad-Hoc|ARM.ActiveCfg = Ad-Hoc|iPhone
		{8D9E252D-3D5B-4BD6-972D-0A6DDB9949CE}.Ad-Hoc|iPhone.ActiveCfg = Ad-Hoc|iPhone
		{8D9E252D-3D5B-4BD6-972D-0A6DDB9949CE}.Ad-Hoc|iPhone.Build.0 = Ad-Hoc|iPhone
		{8D9E252D-3D5B-4BD6-972D-0A6DDB9949CE}.Ad-Hoc|iPhoneSimulator.ActiveCfg = Ad-Hoc|iPhoneSimulator
		{8D9E252D-3D5B-4BD6-972D-0A6DDB9949CE}.Ad-Hoc|iPhoneSimulator.Build.0 = Ad-Hoc|iPhoneSimulator
		{8D9E252D-3D5B-4BD6-972D-0A6DDB9949CE}.Ad-Hoc|x64.ActiveCfg = Ad-Hoc|iPhone
		{8D9E252D-3D5B-4BD6-972D-0A6DDB9949CE}.Ad-Hoc|x86.ActiveCfg = Ad-Hoc|iPhone
		{8D9E252D-3D5B-4BD6-972D-0A6DDB9949CE}.AppStore|Any CPU.ActiveCfg = AppStore|iPhone
		{8D9E252D-3D5B-4BD6-972D-0A6DDB9949CE}.AppStore|ARM.ActiveCfg = AppStore|iPhone
		{8D9E252D-3D5B-4BD6-972D-0A6DDB9949CE}.AppStore|iPhone.ActiveCfg = AppStore|iPhone
		{8D9E252D-3D5B-4BD6-972D-0A6DDB9949CE}.AppStore|iPhone.Build.0 = AppStore|iPhone
		{8D9E252D-3D5B-4BD6-972D-0A6DDB9949CE}.AppStore|iPhoneSimulator.ActiveCfg = AppStore|iPhoneSimulator
		{8D9E252D-3D5B-4BD6-972D-0A6DDB9949CE}.AppStore|iPhoneSimulator.Build.0 = AppStore|iPhoneSimulator
		{8D9E252D-3D5B-4BD6-972D-0A6DDB9949CE}.AppStore|x64.ActiveCfg = AppStore|iPhone
		{8D9E252D-3D5B-4BD6-972D-0A6DDB9949CE}.AppStore|x86.ActiveCfg = AppStore|iPhone
		{8D9E252D-3D5B-4BD6-972D-0A6DDB9949CE}.Debug|Any CPU.ActiveCfg = Debug|iPhone
		{8D9E252D-3D5B-4BD6-972D-0A6DDB9949CE}.Debug|ARM.ActiveCfg = Debug|iPhone
		{8D9E252D-3D5B-4BD6-972D-0A6DDB9949CE}.Debug|iPhone.ActiveCfg = Debug|iPhone
		{8D9E252D-3D5B-4BD6-972D-0A6DDB9949CE}.Debug|iPhone.Build.0 = Debug|iPhone
		{8D9E252D-3D5B-4BD6-972D-0A6DDB9949CE}.Debug|iPhoneSimulator.ActiveCfg = Debug|iPhoneSimulator
		{8D9E252D-3D5B-4BD6-972D-0A6DDB9949CE}.Debug|iPhoneSimulator.Build.0 = Debug|iPhoneSimulator
		{8D9E252D-3D5B-4BD6-972D-0A6DDB9949CE}.Debug|x64.ActiveCfg = Debug|iPhone
		{8D9E252D-3D5B-4BD6-972D-0A6DDB9949CE}.Debug|x86.ActiveCfg = Debug|iPhone
		{8D9E252D-3D5B-4BD6-972D-0A6DDB9949CE}.Release|Any CPU.ActiveCfg = Release|iPhone
		{8D9E252D-3D5B-4BD6-972D-0A6DDB9949CE}.Release|ARM.ActiveCfg = Release|iPhone
		{8D9E252D-3D5B-4BD6-972D-0A6DDB9949CE}.Release|iPhone.ActiveCfg = Release|iPhone
		{8D9E252D-3D5B-4BD6-972D-0A6DDB9949CE}.Release|iPhone.Build.0 = Release|iPhone
		{8D9E252D-3D5B-4BD6-972D-0A6DDB9949CE}.Release|iPhoneSimulator.ActiveCfg = Release|iPhoneSimulator
		{8D9E252D-3D5B-4BD6-972D-0A6DDB9949CE}.Release|iPhoneSimulator.Build.0 = Release|iPhoneSimulator
		{8D9E252D-3D5B-4BD6-972D-0A6DDB9949CE}.Release|x64.ActiveCfg = Release|iPhone
		{8D9E252D-3D5B-4BD6-972D-0A6DDB9949CE}.Release|x86.ActiveCfg = Release|iPhone
	EndGlobalSection
	GlobalSection(SolutionProperties) = preSolution
		HideSolutionNode = FALSE
	EndGlobalSection
	GlobalSection(ExtensibilityGlobals) = postSolution
		SolutionGuid = {1A4D1753-B5B0-44E3-A33E-1B4B191B80AA}
	EndGlobalSection
EndGlobal
